
Microsoft Visual Studio Solution File, Format Version 12.00
# Visual Studio Version 17
VisualStudioVersion = 17.14.36414.22 d17.14
MinimumVisualStudioVersion = 10.0.40219.1
Project("{FAE04EC0-301F-11D3-BF4B-00C04F79EFBC}") = "DemoMainWindow", "DemoMainWindow\DemoMainWindow.csproj", "{66ED64DA-ECF8-4220-BF51-01CE38BE5C60}"
EndProject
Global
	GlobalSection(SolutionConfigurationPlatforms) = preSolution
		Debug|Any CPU = Debug|Any CPU
		Release|Any CPU = Release|Any CPU
	EndGlobalSection
	GlobalSection(ProjectConfigurationPlatforms) = postSolution
		{66ED64DA-ECF8-4220-BF51-01CE38BE5C60}.Debug|Any CPU.ActiveCfg = Debug|Any CPU
		{66ED64DA-ECF8-4220-BF51-01CE38BE5C60}.Debug|Any CPU.Build.0 = Debug|Any CPU
		{66ED64DA-ECF8-4220-BF51-01CE38BE5C60}.Release|Any CPU.ActiveCfg = Release|Any CPU
		{66ED64DA-ECF8-4220-BF51-01CE38BE5C60}.Release|Any CPU.Build.0 = Release|Any CPU
	EndGlobalSection
	GlobalSection(SolutionProperties) = preSolution
		HideSolutionNode = FALSE
	EndGlobalSection
	GlobalSection(ExtensibilityGlobals) = postSolution
		SolutionGuid = {BCADA07D-2626-4A2A-AC67-F5E48E67AF10}
	EndGlobalSection
EndGlobal
